
Microsoft Visual Studio Solution File, Format Version 12.00
# Visual Studio Version 16
VisualStudioVersion = 16.0.31205.134
MinimumVisualStudioVersion = 10.0.40219.1
Project("{FAE04EC0-301F-11D3-BF4B-00C04F79EFBC}") = "Proyecto", "Proyecto\Proyecto.csproj", "{50BAEA68-8BCD-4A58-B265-FD5AEAA82AD2}"
EndProject
Global
	GlobalSection(SolutionConfigurationPlatforms) = preSolution
		Debug|Any CPU = Debug|Any CPU
		Release|Any CPU = Release|Any CPU
	EndGlobalSection
	GlobalSection(ProjectConfigurationPlatforms) = postSolution
		{50BAEA68-8BCD-4A58-B265-FD5AEAA82AD2}.Debug|Any CPU.ActiveCfg = Debug|Any CPU
		{50BAEA68-8BCD-4A58-B265-FD5AEAA82AD2}.Debug|Any CPU.Build.0 = Debug|Any CPU
		{50BAEA68-8BCD-4A58-B265-FD5AEAA82AD2}.Release|Any CPU.ActiveCfg = Release|Any CPU
		{50BAEA68-8BCD-4A58-B265-FD5AEAA82AD2}.Release|Any CPU.Build.0 = Release|Any CPU
	EndGlobalSection
	GlobalSection(SolutionProperties) = preSolution
		HideSolutionNode = FALSE
	EndGlobalSection
	GlobalSection(ExtensibilityGlobals) = postSolution
		SolutionGuid = {B9E1327C-76C2-44BB-B4C8-63678B7A2915}
	EndGlobalSection
EndGlobal
